
Microsoft Visual Studio Solution File, Format Version 12.00
# Visual Studio Version 16
VisualStudioVersion = 16.0.31129.286
MinimumVisualStudioVersion = 10.0.40219.1
Project("{FAE04EC0-301F-11D3-BF4B-00C04F79EFBC}") = "App1", "App1\App1.csproj", "{5DC0DD11-3555-4C6F-8EDE-F5D3E520FE62}"
EndProject
Global
	GlobalSection(SolutionConfigurationPlatforms) = preSolution
		Debug|Any CPU = Debug|Any CPU
		Release|Any CPU = Release|Any CPU
	EndGlobalSection
	GlobalSection(ProjectConfigurationPlatforms) = postSolution
		{5DC0DD11-3555-4C6F-8EDE-F5D3E520FE62}.Debug|Any CPU.ActiveCfg = Debug|Any CPU
		{5DC0DD11-3555-4C6F-8EDE-F5D3E520FE62}.Debug|Any CPU.Build.0 = Debug|Any CPU
		{5DC0DD11-3555-4C6F-8EDE-F5D3E520FE62}.Release|Any CPU.ActiveCfg = Release|Any CPU
		{5DC0DD11-3555-4C6F-8EDE-F5D3E520FE62}.Release|Any CPU.Build.0 = Release|Any CPU
	EndGlobalSection
	GlobalSection(SolutionProperties) = preSolution
		HideSolutionNode = FALSE
	EndGlobalSection
	GlobalSection(ExtensibilityGlobals) = postSolution
		SolutionGuid = {CB1469BB-3453-43DC-A597-2482C998746E}
	EndGlobalSection
EndGlobal
